
Microsoft Visual Studio Solution File, Format Version 12.00
# Visual Studio Version 16
VisualStudioVersion = 16.0.29613.14
MinimumVisualStudioVersion = 10.0.40219.1
Project("{9A19103F-16F7-4668-BE54-9A1E7A4F7556}") = "BackOfficeFrontendService", "BackOfficeFrontendService\BackOfficeFrontendService.csproj", "{A5CC81B0-7E11-478C-A0E0-976A674827D5}"
EndProject
Project("{9A19103F-16F7-4668-BE54-9A1E7A4F7556}") = "BackOfficeFrontendService.Test", "BackOfficeFrontendService.Test\BackOfficeFrontendService.Test.csproj", "{A5CC81B0-7E11-478C-A0E0-976A674829D2}"
EndProject
Project("{9A19103F-16F7-4668-BE54-9A1E7A4F7556}") = "BackOfficeFrontendService.Spec", "BackOfficeFrontendService.Spec\BackOfficeFrontendService.Spec.csproj", "{A5CC81B0-7E11-478C-A0E0-976A674827D4}"
EndProject
Project("{9A19103F-16F7-4668-BE54-9A1E7A4F7556}") = "BackOfficeFrontendService.Test.Integration", "BackOfficeFrontendService.Test.Integration\BackOfficeFrontendService.Test.Integration.csproj", "{A5CC81B0-7E11-478C-A0E0-976A674827D2}"
EndProject
Global
	GlobalSection(SolutionConfigurationPlatforms) = preSolution
		Debug|Any CPU = Debug|Any CPU
		Release|Any CPU = Release|Any CPU
	EndGlobalSection
	GlobalSection(ProjectConfigurationPlatforms) = postSolution
		{A5CC81B0-7E11-478C-A0E0-976A674827D5}.Debug|Any CPU.ActiveCfg = Debug|Any CPU
		{A5CC81B0-7E11-478C-A0E0-976A674827D5}.Debug|Any CPU.Build.0 = Debug|Any CPU
		{A5CC81B0-7E11-478C-A0E0-976A674827D5}.Release|Any CPU.ActiveCfg = Release|Any CPU
		{A5CC81B0-7E11-478C-A0E0-976A674827D5}.Release|Any CPU.Build.0 = Release|Any CPU
		{A5CC81B0-7E11-478C-A0E0-976A674829D2}.Debug|Any CPU.ActiveCfg = Debug|Any CPU
		{A5CC81B0-7E11-478C-A0E0-976A674829D2}.Debug|Any CPU.Build.0 = Debug|Any CPU
		{A5CC81B0-7E11-478C-A0E0-976A674829D2}.Release|Any CPU.ActiveCfg = Release|Any CPU
		{A5CC81B0-7E11-478C-A0E0-976A674829D2}.Release|Any CPU.Build.0 = Release|Any CPU
		{A5CC81B0-7E11-478C-A0E0-976A674827D4}.Debug|Any CPU.ActiveCfg = Debug|Any CPU
		{A5CC81B0-7E11-478C-A0E0-976A674827D4}.Debug|Any CPU.Build.0 = Debug|Any CPU
		{A5CC81B0-7E11-478C-A0E0-976A674827D4}.Release|Any CPU.ActiveCfg = Release|Any CPU
		{A5CC81B0-7E11-478C-A0E0-976A674827D4}.Release|Any CPU.Build.0 = Release|Any CPU
		{A5CC81B0-7E11-478C-A0E0-976A674827D2}.Debug|Any CPU.ActiveCfg = Debug|Any CPU
		{A5CC81B0-7E11-478C-A0E0-976A674827D2}.Debug|Any CPU.Build.0 = Debug|Any CPU
		{A5CC81B0-7E11-478C-A0E0-976A674827D2}.Release|Any CPU.ActiveCfg = Release|Any CPU
		{A5CC81B0-7E11-478C-A0E0-976A674827D2}.Release|Any CPU.Build.0 = Release|Any CPU
	EndGlobalSection
	GlobalSection(SolutionProperties) = preSolution
		HideSolutionNode = FALSE
	EndGlobalSection
	GlobalSection(ExtensibilityGlobals) = postSolution
		SolutionGuid = {60DBF4F9-24D4-41CB-A3E2-BCE7B0FAC785}
	EndGlobalSection
EndGlobal
